
Microsoft Visual Studio Solution File, Format Version 12.00
# Visual Studio Version 17
VisualStudioVersion = 17.5.33516.290
MinimumVisualStudioVersion = 10.0.40219.1
Project("{8BC9CEB8-8B4A-11D0-8D11-00A0C91BC942}") = "tetris-engine", "tetris-engine\tetris-engine.vcxproj", "{A007810D-8F97-441C-AA5A-262C764528DD}"
EndProject
Global
	GlobalSection(SolutionConfigurationPlatforms) = preSolution
		Debug|x64 = Debug|x64
		Debug|x86 = Debug|x86
		Release|x64 = Release|x64
		Release|x86 = Release|x86
	EndGlobalSection
	GlobalSection(ProjectConfigurationPlatforms) = postSolution
		{A007810D-8F97-441C-AA5A-262C764528DD}.Debug|x64.ActiveCfg = Debug|x64
		{A007810D-8F97-441C-AA5A-262C764528DD}.Debug|x64.Build.0 = Debug|x64
		{A007810D-8F97-441C-AA5A-262C764528DD}.Debug|x86.ActiveCfg = Debug|Win32
		{A007810D-8F97-441C-AA5A-262C764528DD}.Debug|x86.Build.0 = Debug|Win32
		{A007810D-8F97-441C-AA5A-262C764528DD}.Release|x64.ActiveCfg = Release|x64
		{A007810D-8F97-441C-AA5A-262C764528DD}.Release|x64.Build.0 = Release|x64
		{A007810D-8F97-441C-AA5A-262C764528DD}.Release|x86.ActiveCfg = Release|Win32
		{A007810D-8F97-441C-AA5A-262C764528DD}.Release|x86.Build.0 = Release|Win32
	EndGlobalSection
	GlobalSection(SolutionProperties) = preSolution
		HideSolutionNode = FALSE
	EndGlobalSection
	GlobalSection(ExtensibilityGlobals) = postSolution
		SolutionGuid = {82B605D5-CE6E-4A17-B685-1534814D2768}
	EndGlobalSection
EndGlobal
